Microsoft Visual Studio Solution File, Format Version 12.00
# Visual Studio Version 17
VisualStudioVersion = 17.5.2.0
MinimumVisualStudioVersion = 10.0.40219.1
Project("{FAE04EC0-301F-11D3-BF4B-00C04F79EFBC}") = "ExcelToSql", "ExcelToSql.csproj", "{E07C675B-4C0A-A80E-2B45-96C36CE2E881}"
EndProject
Global
	GlobalSection(SolutionConfigurationPlatforms) = preSolution
		Debug|Any CPU = Debug|Any CPU
		Release|Any CPU = Release|Any CPU
	EndGlobalSection
	GlobalSection(ProjectConfigurationPlatforms) = postSolution
		{E07C675B-4C0A-A80E-2B45-96C36CE2E881}.Debug|Any CPU.ActiveCfg = Debug|Any CPU
		{E07C675B-4C0A-A80E-2B45-96C36CE2E881}.Debug|Any CPU.Build.0 = Debug|Any CPU
		{E07C675B-4C0A-A80E-2B45-96C36CE2E881}.Release|Any CPU.ActiveCfg = Release|Any CPU
		{E07C675B-4C0A-A80E-2B45-96C36CE2E881}.Release|Any CPU.Build.0 = Release|Any CPU
	EndGlobalSection
	GlobalSection(SolutionProperties) = preSolution
		HideSolutionNode = FALSE
	EndGlobalSection
	GlobalSection(ExtensibilityGlobals) = postSolution
		SolutionGuid = {B6AC2A2D-F13E-403A-AA2A-2F9810258A2C}
	EndGlobalSection
EndGlobal
